# This file is automatically @generated by Cargo.
# It is not intended for manual editing.
version = 4

[[package]]
name = "mundilfari"
version = "0.1.0"
dependencies = [
 "mundilfari-core",
 "mundilfari-engine",
 "mundilfari-platform",
]

[[package]]
name = "mundilfari-core"
version = "0.1.0"

[[package]]
name = "mundilfari-engine"
version = "0.1.0"
dependencies = [
 "mundilfari-core",
]

[[package]]
name = "mundilfari-platform"
version = "0.1.0"
dependencies = [
 "mundilfari-core",
]
